
Microsoft Visual Studio Solution File, Format Version 12.00
# Visual Studio Version 17
VisualStudioVersion = 17.9.34622.214
MinimumVisualStudioVersion = 10.0.40219.1
Project("{9A19103F-16F7-4668-BE54-9A1E7A4F7556}") = "DigitalMenu_10_Api", "DigitalMenu_10_Api\DigitalMenu_10_Api.csproj", "{BB7FDAD8-6376-405C-B95E-221131AA46BD}"
EndProject
Project("{FAE04EC0-301F-11D3-BF4B-00C04F79EFBC}") = "DigitalMenu_20_BLL", "DigitalMenu_20_BLL\DigitalMenu_20_BLL.csproj", "{F7BB4580-5627-4899-B012-58B540CA0D75}"
EndProject
Project("{FAE04EC0-301F-11D3-BF4B-00C04F79EFBC}") = "DigitalMenu_30_DAL", "DigitalMenu_30_DAL\DigitalMenu_30_DAL.csproj", "{A9AB3A3D-538D-4FE8-ADD1-AA44661AF482}"
EndProject
Project("{FAE04EC0-301F-11D3-BF4B-00C04F79EFBC}") = "UnitTests", "UnitTests\UnitTests.csproj", "{05222CC7-478A-47FF-8DA2-BEE4D812CDD4}"
EndProject
Global
	GlobalSection(SolutionConfigurationPlatforms) = preSolution
		Debug|Any CPU = Debug|Any CPU
		Release|Any CPU = Release|Any CPU
	EndGlobalSection
	GlobalSection(ProjectConfigurationPlatforms) = postSolution
		{BB7FDAD8-6376-405C-B95E-221131AA46BD}.Debug|Any CPU.ActiveCfg = Debug|Any CPU
		{BB7FDAD8-6376-405C-B95E-221131AA46BD}.Debug|Any CPU.Build.0 = Debug|Any CPU
		{BB7FDAD8-6376-405C-B95E-221131AA46BD}.Release|Any CPU.ActiveCfg = Release|Any CPU
		{BB7FDAD8-6376-405C-B95E-221131AA46BD}.Release|Any CPU.Build.0 = Release|Any CPU
		{F7BB4580-5627-4899-B012-58B540CA0D75}.Debug|Any CPU.ActiveCfg = Debug|Any CPU
		{F7BB4580-5627-4899-B012-58B540CA0D75}.Debug|Any CPU.Build.0 = Debug|Any CPU
		{F7BB4580-5627-4899-B012-58B540CA0D75}.Release|Any CPU.ActiveCfg = Release|Any CPU
		{F7BB4580-5627-4899-B012-58B540CA0D75}.Release|Any CPU.Build.0 = Release|Any CPU
		{A9AB3A3D-538D-4FE8-ADD1-AA44661AF482}.Debug|Any CPU.ActiveCfg = Debug|Any CPU
		{A9AB3A3D-538D-4FE8-ADD1-AA44661AF482}.Debug|Any CPU.Build.0 = Debug|Any CPU
		{A9AB3A3D-538D-4FE8-ADD1-AA44661AF482}.Release|Any CPU.ActiveCfg = Release|Any CPU
		{A9AB3A3D-538D-4FE8-ADD1-AA44661AF482}.Release|Any CPU.Build.0 = Release|Any CPU
		{05222CC7-478A-47FF-8DA2-BEE4D812CDD4}.Debug|Any CPU.ActiveCfg = Debug|Any CPU
		{05222CC7-478A-47FF-8DA2-BEE4D812CDD4}.Debug|Any CPU.Build.0 = Debug|Any CPU
		{05222CC7-478A-47FF-8DA2-BEE4D812CDD4}.Release|Any CPU.ActiveCfg = Release|Any CPU
		{05222CC7-478A-47FF-8DA2-BEE4D812CDD4}.Release|Any CPU.Build.0 = Release|Any CPU
	EndGlobalSection
	GlobalSection(SolutionProperties) = preSolution
		HideSolutionNode = FALSE
	EndGlobalSection
	GlobalSection(ExtensibilityGlobals) = postSolution
		SolutionGuid = {A8B6B358-7FAA-467F-B97C-F67BD71CC90E}
	EndGlobalSection
EndGlobal
